// !$*UTF8*$!
{
	archiveVersion = 1;
	classes = {
	};
	objectVersion = 77;
	objects = {

/* Begin PBXBuildFile section */
		340E69CD2E4C914E0054C98B /* SDWebImageSwiftUI in Frameworks */ = {isa = PBXBuildFile; productRef = 340E69CC2E4C914E0054C98B /* SDWebImageSwiftUI */; };
		340E69D42E4CCB880054C98B /* Zip in Frameworks */ = {isa = PBXBuildFile; productRef = 340E69D32E4CCB880054C98B /* Zip */; };
/* End PBXBuildFile section */

/* Begin PBXContainerItemProxy section */
		3449DBA82E380E2500E44C13 /* PBXContainerItemProxy */ = {
			isa = PBXContainerItemProxy;
			containerPortal = 3449DB8F2E380E1F00E44C13 /* Project object */;
			proxyType = 1;
			remoteGlobalIDString = 3449DB962E380E1F00E44C13;
			remoteInfo = PixarCarsChecklist;
		};
		3449DBB22E380E2500E44C13 /* PBXContainerItemProxy */ = {
			isa = PBXContainerItemProxy;
			containerPortal = 3449DB8F2E380E1F00E44C13 /* Project object */;
			proxyType = 1;
			remoteGlobalIDString = 3449DB962E380E1F00E44C13;
			remoteInfo = PixarCarsChecklist;
		};
/* End PBXContainerItemProxy section */

/* Begin PBXFileReference section */
		3449DB972E380E2000E44C13 /* PixarCarsChecklist.app */ = {isa = PBXFileReference; explicitFileType = wrapper.application; includeInIndex = 0; path = PixarCarsChecklist.app; sourceTree = BUILT_PRODUCTS_DIR; };
		3449DBA72E380E2500E44C13 /* PixarCarsChecklistTests.xctest */ = {isa = PBXFileReference; explicitFileType = wrapper.cfbundle; includeInIndex = 0; path = PixarCarsChecklistTests.xctest; sourceTree = BUILT_PRODUCTS_DIR; };
		3449DBB12E380E2500E44C13 /* PixarCarsChecklistUITests.xctest */ = {isa = PBXFileReference; explicitFileType = wrapper.cfbundle; includeInIndex = 0; path = PixarCarsChecklistUITests.xctest; sourceTree = BUILT_PRODUCTS_DIR; };
/* End PBXFileReference section */

/* Begin PBXFileSystemSynchronizedBuildFileExceptionSet section */
		344A72BA2F373D81008692ED /* Exceptions for "PixarCarsChecklist" folder in "PixarCarsChecklist" target */ = {
			isa = PBXFileSystemSynchronizedBuildFileExceptionSet;
			membershipExceptions = (
				Info.plist,
			);
			target = 3449DB962E380E1F00E44C13 /* PixarCarsChecklist */;
		};
/* End PBXFileSystemSynchronizedBuildFileExceptionSet section */

/* Begin PBXFileSystemSynchronizedRootGroup section */
		3449DB992E380E2000E44C13 /* PixarCarsChecklist */ = {
			isa = PBXFileSystemSynchronizedRootGroup;
			exceptions = (
				344A72BA2F373D81008692ED /* Exceptions for "PixarCarsChecklist" folder in "PixarCarsChecklist" target */,
			);
			path = PixarCarsChecklist;
			sourceTree = "<group>";
		};
		3449DBAA2E380E2500E44C13 /* PixarCarsChecklistTests */ = {
			isa = PBXFileSystemSynchronizedRootGroup;
			path = PixarCarsChecklistTests;
			sourceTree = "<group>";
		};
		3449DBB42E380E2500E44C13 /* PixarCarsChecklistUITests */ = {
			isa = PBXFileSystemSynchronizedRootGroup;
			path = PixarCarsChecklistUITests;
			sourceTree = "<group>";
		};
/* End PBXFileSystemSynchronizedRootGroup section */

/* Begin PBXFrameworksBuildPhase section */
		3449DB942E380E1F00E44C13 /* Frameworks */ = {
			isa = PBXFrameworksBuildPhase;
			buildActionMask = 2147483647;
			files = (
				340E69D42E4CCB880054C98B /* Zip in Frameworks */,
				340E69CD2E4C914E0054C98B /* SDWebImageSwiftUI in Frameworks */,
			);
			runOnlyForDeploymentPostprocessing = 0;
		};
		3449DBA42E380E2500E44C13 /* Frameworks */ = {
			isa = PBXFrameworksBuildPhase;
			buildActionMask = 2147483647;
			files = (
			);
			runOnlyForDeploymentPostprocessing = 0;
		};
		3449DBAE2E380E2500E44C13 /* Frameworks */ = {
			isa = PBXFrameworksBuildPhase;
			buildActionMask = 2147483647;
			files = (
			);
			runOnlyForDeploymentPostprocessing = 0;
		};
/* End PBXFrameworksBuildPhase section */

/* Begin PBXGroup section */
		3449DB8E2E380E1F00E44C13 = {
			isa = PBXGroup;
			children = (
				3449DB992E380E2000E44C13 /* PixarCarsChecklist */,
				3449DBAA2E380E2500E44C13 /* PixarCarsChecklistTests */,
				3449DBB42E380E2500E44C13 /* PixarCarsChecklistUITests */,
				34D58B982E8570FE0038E24B /* Frameworks */,
				3449DB982E380E2000E44C13 /* Products */,
			);
			sourceTree = "<group>";
		};
		3449DB982E380E2000E44C13 /* Products */ = {
			isa = PBXGroup;
			children = (
				3449DB972E380E2000E44C13 /* PixarCarsChecklist.app */,
				3449DBA72E380E2500E44C13 /* PixarCarsChecklistTests.xctest */,
				3449DBB12E380E2500E44C13 /* PixarCarsChecklistUITests.xctest */,
			);
			name = Products;
			sourceTree = "<group>";
		};
		34D58B982E8570FE0038E24B /* Frameworks */ = {
			isa = PBXGroup;
			children = (
				34D58B992E8570FE0038E24B /* StoreKit.framework */,
			);
			name = Frameworks;
			sourceTree = "<group>";
		};
/* End PBXGroup section */

/* Begin PBXNativeTarget section */
		3449DB962E380E1F00E44C13 /* PixarCarsChecklist */ = {
			isa = PBXNativeTarget;
			buildConfigurationList = 3449DBBB2E380E2500E44C13 /* Build configuration list for PBXNativeTarget "PixarCarsChecklist" */;
			buildPhases = (
				3449DB932E380E1F00E44C13 /* Sources */,
				3449DB942E380E1F00E44C13 /* Frameworks */,
				3449DB952E380E1F00E44C13 /* Resources */,
			);
			buildRules = (
			);
			dependencies = (
			);
			fileSystemSynchronizedGroups = (
				3449DB992E380E2000E44C13 /* PixarCarsChecklist */,
			);
			name = PixarCarsChecklist;
			packageProductDependencies = (
				340E69CC2E4C914E0054C98B /* SDWebImageSwiftUI */,
				340E69D32E4CCB880054C98B /* Zip */,
			);
			productName = PixarCarsChecklist;
			productReference = 3449DB972E380E2000E44C13 /* PixarCarsChecklist.app */;
			productType = "com.apple.product-type.application";
		};
		3449DBA62E380E2500E44C13 /* PixarCarsChecklistTests */ = {
			isa = PBXNativeTarget;
			buildConfigurationList = 3449DBBE2E380E2500E44C13 /* Build configuration list for PBXNativeTarget "PixarCarsChecklistTests" */;
			buildPhases = (
				3449DBA32E380E2500E44C13 /* Sources */,
				3449DBA42E380E2500E44C13 /* Frameworks */,
				3449DBA52E380E2500E44C13 /* Resources */,
			);
			buildRules = (
			);
			dependencies = (
				3449DBA92E380E2500E44C13 /* PBXTargetDependency */,
			);
			fileSystemSynchronizedGroups = (
				3449DBAA2E380E2500E44C13 /* PixarCarsChecklistTests */,
			);
			name = PixarCarsChecklistTests;
			packageProductDependencies = (
			);
			productName = PixarCarsChecklistTests;
			productReference = 3449DBA72E380E2500E44C13 /* PixarCarsChecklistTests.xctest */;
			productType = "com.apple.product-type.bundle.unit-test";
		};
		3449DBB02E380E2500E44C13 /* PixarCarsChecklistUITests */ = {
			isa = PBXNativeTarget;
			buildConfigurationList = 3449DBC12E380E2500E44C13 /* Build configuration list for PBXNativeTarget "PixarCarsChecklistUITests" */;
			buildPhases = (
				3449DBAD2E380E2500E44C13 /* Sources */,
				3449DBAE2E380E2500E44C13 /* Frameworks */,
				3449DBAF2E380E2500E44C13 /* Resources */,
			);
			buildRules = (
			);
			dependencies = (
				3449DBB32E380E2500E44C13 /* PBXTargetDependency */,
			);
			fileSystemSynchronizedGroups = (
				3449DBB42E380E2500E44C13 /* PixarCarsChecklistUITests */,
			);
			name = PixarCarsChecklistUITests;
			packageProductDependencies = (
			);
			productName = PixarCarsChecklistUITests;
			productReference = 3449DBB12E380E2500E44C13 /* PixarCarsChecklistUITests.xctest */;
			productType = "com.apple.product-type.bundle.ui-testing";
		};
/* End PBXNativeTarget section */

/* Begin PBXProject section */
		3449DB8F2E380E1F00E44C13 /* Project object */ = {
			isa = PBXProject;
			attributes = {
				BuildIndependentTargetsInParallel = 1;
				LastSwiftUpdateCheck = 1640;
				LastUpgradeCheck = 1640;
				TargetAttributes = {
					3449DB962E380E1F00E44C13 = {
						CreatedOnToolsVersion = 16.4;
					};
					3449DBA62E380E2500E44C13 = {
						CreatedOnToolsVersion = 16.4;
						TestTargetID = 3449DB962E380E1F00E44C13;
					};
					3449DBB02E380E2500E44C13 = {
						CreatedOnToolsVersion = 16.4;
						TestTargetID = 3449DB962E380E1F00E44C13;
					};
				};
			};
			buildConfigurationList = 3449DB922E380E1F00E44C13 /* Build configuration list for PBXProject "PixarCarsChecklist" */;
			developmentRegion = en;
			hasScannedForEncodings = 0;
			knownRegions = (
				en,
				Base,
			);
			mainGroup = 3449DB8E2E380E1F00E44C13;
			minimizedProjectReferenceProxies = 1;
			packageReferences = (
				340E69CB2E4C914E0054C98B /* XCRemoteSwiftPackageReference "SDWebImageSwiftUI" */,
				340E69D22E4CCB880054C98B /* XCRemoteSwiftPackageReference "Zip" */,
			);
			preferredProjectObjectVersion = 77;
			productRefGroup = 3449DB982E380E2000E44C13 /* Products */;
			projectDirPath = "";
			projectRoot = "";
			targets = (
				3449DB962E380E1F00E44C13 /* PixarCarsChecklist */,
				3449DBA62E380E2500E44C13 /* PixarCarsChecklistTests */,
				3449DBB02E380E2500E44C13 /* PixarCarsChecklistUITests */,
			);
		};
/* End PBXProject section */

/* Begin PBXResourcesBuildPhase section */
		3449DB952E380E1F00E44C13 /* Resources */ = {
			isa = PBXResourcesBuildPhase;
			buildActionMask = 2147483647;
			files = (
			);
			runOnlyForDeploymentPostprocessing = 0;
		};
		3449DBA52E380E2500E44C13 /* Resources */ = {
			isa = PBXResourcesBuildPhase;
			buildActionMask = 2147483647;
			files = (
			);
			runOnlyForDeploymentPostprocessing = 0;
		};
		3449DBAF2E380E2500E44C13 /* Resources */ = {
			isa = PBXResourcesBuildPhase;
			buildActionMask = 2147483647;
			files = (
			);
			runOnlyForDeploymentPostprocessing = 0;
		};
/* End PBXResourcesBuildPhase section */

/* Begin PBXSourcesBuildPhase section */
		3449DB932E380E1F00E44C13 /* Sources */ = {
			isa = PBXSourcesBuildPhase;
			buildActionMask = 2147483647;
			files = (
			);
			runOnlyForDeploymentPostprocessing = 0;
		};
		3449DBA32E380E2500E44C13 /* Sources */ = {
			isa = PBXSourcesBuildPhase;
			buildActionMask = 2147483647;
			files = (
			);
			runOnlyForDeploymentPostprocessing = 0;
		};
		3449DBAD2E380E2500E44C13 /* Sources */ = {
			isa = PBXSourcesBuildPhase;
			buildActionMask = 2147483647;
			files = (
			);
			runOnlyForDeploymentPostprocessing = 0;
		};
/* End PBXSourcesBuildPhase section */

/* Begin PBXTargetDependency section */
		3449DBA92E380E2500E44C13 /* PBXTargetDependency */ = {
			isa = PBXTargetDependency;
			target = 3449DB962E380E1F00E44C13 /* PixarCarsChecklist */;
			targetProxy = 3449DBA82E380E2500E44C13 /* PBXContainerItemProxy */;
		};
		3449DBB32E380E2500E44C13 /* PBXTargetDependency */ = {
			isa = PBXTargetDependency;
			target = 3449DB962E380E1F00E44C13 /* PixarCarsChecklist */;
			targetProxy = 3449DBB22E380E2500E44C13 /* PBXContainerItemProxy */;
		};
/* End PBXTargetDependency section */

/* Begin XCBuildConfiguration section */
		3449DBB92E380E2500E44C13 /* Debug */ = {
			isa = XCBuildConfiguration;
			buildSettings = {
				ALLOW_TARGET_PLATFORM_SPECIALIZATION = YES;
				ALWAYS_SEARCH_USER_PATHS = NO;
				ASSETCATALOG_COMPILER_GENERATE_SWIFT_ASSET_SYMBOL_EXTENSIONS = YES;
				CLANG_ANALYZER_NONNULL = YES;
				CLANG_ANALYZER_NUMBER_OBJECT_CONVERSION = YES_AGGRESSIVE;
				CLANG_CXX_LANGUAGE_STANDARD = "gnu++20";
				CLANG_ENABLE_MODULES = YES;
				CLANG_ENABLE_OBJC_ARC = YES;
				CLANG_ENABLE_OBJC_WEAK = YES;
				CLANG_WARN_BLOCK_CAPTURE_AUTORELEASING = YES;
				CLANG_WARN_BOOL_CONVERSION = YES;
				CLANG_WARN_COMMA = YES;
				CLANG_WARN_CONSTANT_CONVERSION = YES;
				CLANG_WARN_DEPRECATED_OBJC_IMPLEMENTATIONS = YES;
				CLANG_WARN_DIRECT_OBJC_ISA_USAGE = YES_ERROR;
				CLANG_WARN_DOCUMENTATION_COMMENTS = YES;
				CLANG_WARN_EMPTY_BODY = YES;
				CLANG_WARN_ENUM_CONVERSION = YES;
				CLANG_WARN_INFINITE_RECURSION = YES;
				CLANG_WARN_INT_CONVERSION = YES;
				CLANG_WARN_NON_LITERAL_NULL_CONVERSION = YES;
				CLANG_WARN_OBJC_IMPLICIT_RETAIN_SELF = YES;
				CLANG_WARN_OBJC_LITERAL_CONVERSION = YES;
				CLANG_WARN_OBJC_ROOT_CLASS = YES_ERROR;
				CLANG_WARN_QUOTED_INCLUDE_IN_FRAMEWORK_HEADER = YES;
				CLANG_WARN_RANGE_LOOP_ANALYSIS = YES;
				CLANG_WARN_STRICT_PROTOTYPES = YES;
				CLANG_WARN_SUSPICIOUS_MOVE = YES;
				CLANG_WARN_UNGUARDED_AVAILABILITY = YES_AGGRESSIVE;
				CLANG_WARN_UNREACHABLE_CODE = YES;
				CLANG_WARN__DUPLICATE_METHOD_MATCH = YES;
				COPY_PHASE_STRIP = NO;
				DEBUG_INFORMATION_FORMAT = dwarf;
				DEVELOPMENT_TEAM = P63D2VA38R;
				ENABLE_STRICT_OBJC_MSGSEND = YES;
				ENABLE_TESTABILITY = YES;
				ENABLE_USER_SCRIPT_SANDBOXING = YES;
				GCC_C_LANGUAGE_STANDARD = gnu17;
				GCC_DYNAMIC_NO_PIC = NO;
				GCC_NO_COMMON_BLOCKS = YES;
				GCC_OPTIMIZATION_LEVEL = 0;
				GCC_PREPROCESSOR_DEFINITIONS = (
					"DEBUG=1",
					"$(inherited)",
				);
				GCC_WARN_64_TO_32_BIT_CONVERSION = YES;
				GCC_WARN_ABOUT_RETURN_TYPE = YES_ERROR;
				GCC_WARN_UNDECLARED_SELECTOR = YES;
				GCC_WARN_UNINITIALIZED_AUTOS = YES_AGGRESSIVE;
				GCC_WARN_UNUSED_FUNCTION = YES;
				GCC_WARN_UNUSED_VARIABLE = YES;
				LOCALIZATION_PREFERS_STRING_CATALOGS = YES;
				MTL_ENABLE_DEBUG_INFO = INCLUDE_SOURCE;
				MTL_FAST_MATH = YES;
				ONLY_ACTIVE_ARCH = YES;
				SDKROOT = iphoneos;
				SUPPORTED_PLATFORMS = "xrsimulator xros watchsimulator watchos macosx iphonesimulator iphoneos driverkit appletvsimulator appletvos";
				SUPPORTS_MACCATALYST = YES;
				SWIFT_ACTIVE_COMPILATION_CONDITIONS = "DEBUG $(inherited)";
				SWIFT_OPTIMIZATION_LEVEL = "-Onone";
			};
			name = Debug;
		};
		3449DBBA2E380E2500E44C13 /* Release */ = {
			isa = XCBuildConfiguration;
			buildSettings = {
				ALLOW_TARGET_PLATFORM_SPECIALIZATION = YES;
				ALWAYS_SEARCH_USER_PATHS = NO;
				ASSETCATALOG_COMPILER_GENERATE_SWIFT_ASSET_SYMBOL_EXTENSIONS = YES;
				CLANG_ANALYZER_NONNULL = YES;
				CLANG_ANALYZER_NUMBER_OBJECT_CONVERSION = YES_AGGRESSIVE;
				CLANG_CXX_LANGUAGE_STANDARD = "gnu++20";
				CLANG_ENABLE_MODULES = YES;
				CLANG_ENABLE_OBJC_ARC = YES;
				CLANG_ENABLE_OBJC_WEAK = YES;
				CLANG_WARN_BLOCK_CAPTURE_AUTORELEASING = YES;
				CLANG_WARN_BOOL_CONVERSION = YES;
				CLANG_WARN_COMMA = YES;
				CLANG_WARN_CONSTANT_CONVERSION = YES;
				CLANG_WARN_DEPRECATED_OBJC_IMPLEMENTATIONS = YES;
				CLANG_WARN_DIRECT_OBJC_ISA_USAGE = YES_ERROR;
				CLANG_WARN_DOCUMENTATION_COMMENTS = YES;
				CLANG_WARN_EMPTY_BODY = YES;
				CLANG_WARN_ENUM_CONVERSION = YES;
				CLANG_WARN_INFINITE_RECURSION = YES;
				CLANG_WARN_INT_CONVERSION = YES;
				CLANG_WARN_NON_LITERAL_NULL_CONVERSION = YES;
				CLANG_WARN_OBJC_IMPLICIT_RETAIN_SELF = YES;
				CLANG_WARN_OBJC_LITERAL_CONVERSION = YES;
				CLANG_WARN_OBJC_ROOT_CLASS = YES_ERROR;
				CLANG_WARN_QUOTED_INCLUDE_IN_FRAMEWORK_HEADER = YES;
				CLANG_WARN_RANGE_LOOP_ANALYSIS = YES;
				CLANG_WARN_STRICT_PROTOTYPES = YES;
				CLANG_WARN_SUSPICIOUS_MOVE = YES;
				CLANG_WARN_UNGUARDED_AVAILABILITY = YES_AGGRESSIVE;
				CLANG_WARN_UNREACHABLE_CODE = YES;
				CLANG_WARN__DUPLICATE_METHOD_MATCH = YES;
				COPY_PHASE_STRIP = NO;
				DEBUG_INFORMATION_FORMAT = "dwarf-with-dsym";
				DEVELOPMENT_TEAM = P63D2VA38R;
				ENABLE_NS_ASSERTIONS = NO;
				ENABLE_STRICT_OBJC_MSGSEND = YES;
				ENABLE_USER_SCRIPT_SANDBOXING = YES;
				GCC_C_LANGUAGE_STANDARD = gnu17;
				GCC_NO_COMMON_BLOCKS = YES;
				GCC_WARN_64_TO_32_BIT_CONVERSION = YES;
				GCC_WARN_ABOUT_RETURN_TYPE = YES_ERROR;
				GCC_WARN_UNDECLARED_SELECTOR = YES;
				GCC_WARN_UNINITIALIZED_AUTOS = YES_AGGRESSIVE;
				GCC_WARN_UNUSED_FUNCTION = YES;
				GCC_WARN_UNUSED_VARIABLE = YES;
				LOCALIZATION_PREFERS_STRING_CATALOGS = YES;
				MTL_ENABLE_DEBUG_INFO = NO;
				MTL_FAST_MATH = YES;
				ONLY_ACTIVE_ARCH = NO;
				SDKROOT = iphoneos;
				SUPPORTED_PLATFORMS = "xrsimulator xros watchsimulator watchos macosx iphonesimulator iphoneos driverkit appletvsimulator appletvos";
				SUPPORTS_MACCATALYST = YES;
				SWIFT_COMPILATION_MODE = wholemodule;
			};
			name = Release;
		};
		3449DBBC2E380E2500E44C13 /* Debug */ = {
			isa = XCBuildConfiguration;
			buildSettings = {
				ASSETCATALOG_COMPILER_APPICON_NAME = AppIcon;
				ASSETCATALOG_COMPILER_GLOBAL_ACCENT_COLOR_NAME = AccentColor;
				CODE_SIGN_ENTITLEMENTS = PixarCarsChecklist/PixarCarsChecklist.entitlements;
				CODE_SIGN_IDENTITY = "Apple Development";
				CODE_SIGN_STYLE = Automatic;
				CURRENT_PROJECT_VERSION = 1;
				DEVELOPMENT_TEAM = P63D2VA38R;
				ENABLE_HARDENED_RUNTIME = YES;
				ENABLE_PREVIEWS = YES;
				GENERATE_INFOPLIST_FILE = YES;
				INFOPLIST_FILE = PixarCarsChecklist/Info.plist;
				INFOPLIST_KEY_CFBundleDisplayName = "Pixar Cars Checklist";
				INFOPLIST_KEY_LSApplicationCategoryType = "public.app-category.utilities";
				INFOPLIST_KEY_LSSupportsOpeningDocumentsInPlace = YES;
				INFOPLIST_KEY_NSCameraUsageDescription = "Allow Pixar Cars Checklist to take photos of cars in your collection.";
				INFOPLIST_KEY_NSPhotoLibraryAddUsageDescription = "Allow Pixar Cars Checklist to save collection photos to your photo library.";
				INFOPLIST_KEY_NSPhotoLibraryUsageDescription = "Allow Pixar Cars Checklist to attach photos from your library to cars in your collection.";
				INFOPLIST_KEY_UIApplicationSceneManifest_Generation = YES;
				"INFOPLIST_KEY_UIApplicationSceneManifest_Generation[sdk=iphoneos*]" = YES;
				"INFOPLIST_KEY_UIApplicationSceneManifest_Generation[sdk=iphonesimulator*]" = YES;
				INFOPLIST_KEY_UIApplicationSupportsIndirectInputEvents = YES;
				"INFOPLIST_KEY_UIApplicationSupportsIndirectInputEvents[sdk=iphoneos*]" = YES;
				"INFOPLIST_KEY_UIApplicationSupportsIndirectInputEvents[sdk=iphonesimulator*]" = YES;
				INFOPLIST_KEY_UILaunchScreen_Generation = YES;
				"INFOPLIST_KEY_UILaunchScreen_Generation[sdk=iphoneos*]" = YES;
				"INFOPLIST_KEY_UILaunchScreen_Generation[sdk=iphonesimulator*]" = YES;
				INFOPLIST_KEY_UIStatusBarStyle = UIStatusBarStyleDefault;
				"INFOPLIST_KEY_UIStatusBarStyle[sdk=iphoneos*]" = UIStatusBarStyleDefault;
				"INFOPLIST_KEY_UIStatusBarStyle[sdk=iphonesimulator*]" = UIStatusBarStyleDefault;
				INFOPLIST_KEY_UISupportedInterfaceOrientations_iPad = "UIInterfaceOrientationPortrait UIInterfaceOrientationPortraitUpsideDown UIInterfaceOrientationLandscapeLeft UIInterfaceOrientationLandscapeRight";
				INFOPLIST_KEY_UISupportedInterfaceOrientations_iPhone = "UIInterfaceOrientationPortrait UIInterfaceOrientationLandscapeLeft UIInterfaceOrientationLandscapeRight";
				IPHONEOS_DEPLOYMENT_TARGET = 18.5;
				LD_RUNPATH_SEARCH_PATHS = "@executable_path/Frameworks";
				"LD_RUNPATH_SEARCH_PATHS[sdk=macosx*]" = "@executable_path/../Frameworks";
				MACOSX_DEPLOYMENT_TARGET = 14.0;
				MARKETING_VERSION = 1.0;
				PRODUCT_BUNDLE_IDENTIFIER = com.mattjproductions.PixarCarsChecklist;
				PRODUCT_NAME = "$(TARGET_NAME)";
				PROVISIONING_PROFILE_SPECIFIER = "";
				REGISTER_APP_GROUPS = YES;
				SDKROOT = iphoneos;
				SUPPORTED_PLATFORMS = "iphoneos iphonesimulator";
				SUPPORTS_MACCATALYST = NO;
				SUPPORTS_MAC_DESIGNED_FOR_IPHONE_IPAD = YES;
				SUPPORTS_XR_DESIGNED_FOR_IPHONE_IPAD = NO;
				SWIFT_EMIT_LOC_STRINGS = YES;
				SWIFT_VERSION = 5.0;
				TARGETED_DEVICE_FAMILY = "1,2";
				XROS_DEPLOYMENT_TARGET = 2.5;
			};
			name = Debug;
		};
		3449DBBD2E380E2500E44C13 /* Release */ = {
			isa = XCBuildConfiguration;
			buildSettings = {
				ASSETCATALOG_COMPILER_APPICON_NAME = AppIcon;
				ASSETCATALOG_COMPILER_GLOBAL_ACCENT_COLOR_NAME = AccentColor;
				CODE_SIGN_ENTITLEMENTS = PixarCarsChecklist/PixarCarsChecklist.entitlements;
				CODE_SIGN_IDENTITY = "Apple Development";
				CODE_SIGN_STYLE = Automatic;
				CURRENT_PROJECT_VERSION = 1;
				DEVELOPMENT_TEAM = P63D2VA38R;
				ENABLE_HARDENED_RUNTIME = YES;
				ENABLE_PREVIEWS = YES;
				GENERATE_INFOPLIST_FILE = YES;
				INFOPLIST_FILE = PixarCarsChecklist/Info.plist;
				INFOPLIST_KEY_CFBundleDisplayName = "Pixar Cars Checklist";
				INFOPLIST_KEY_LSApplicationCategoryType = "public.app-category.utilities";
				INFOPLIST_KEY_LSSupportsOpeningDocumentsInPlace = YES;
				INFOPLIST_KEY_NSCameraUsageDescription = "Allow Pixar Cars Checklist to take photos of cars in your collection.";
				INFOPLIST_KEY_NSPhotoLibraryAddUsageDescription = "Allow Pixar Cars Checklist to save collection photos to your photo library.";
				INFOPLIST_KEY_NSPhotoLibraryUsageDescription = "Allow Pixar Cars Checklist to attach photos from your library to cars in your collection.";
				INFOPLIST_KEY_UIApplicationSceneManifest_Generation = YES;
				"INFOPLIST_KEY_UIApplicationSceneManifest_Generation[sdk=iphoneos*]" = YES;
				"INFOPLIST_KEY_UIApplicationSceneManifest_Generation[sdk=iphonesimulator*]" = YES;
				INFOPLIST_KEY_UIApplicationSupportsIndirectInputEvents = YES;
				"INFOPLIST_KEY_UIApplicationSupportsIndirectInputEvents[sdk=iphoneos*]" = YES;
				"INFOPLIST_KEY_UIApplicationSupportsIndirectInputEvents[sdk=iphonesimulator*]" = YES;
				INFOPLIST_KEY_UILaunchScreen_Generation = YES;
				"INFOPLIST_KEY_UILaunchScreen_Generation[sdk=iphoneos*]" = YES;
				"INFOPLIST_KEY_UILaunchScreen_Generation[sdk=iphonesimulator*]" = YES;
				INFOPLIST_KEY_UIStatusBarStyle = UIStatusBarStyleDefault;
				"INFOPLIST_KEY_UIStatusBarStyle[sdk=iphoneos*]" = UIStatusBarStyleDefault;
				"INFOPLIST_KEY_UIStatusBarStyle[sdk=iphonesimulator*]" = UIStatusBarStyleDefault;
				INFOPLIST_KEY_UISupportedInterfaceOrientations_iPad = "UIInterfaceOrientationPortrait UIInterfaceOrientationPortraitUpsideDown UIInterfaceOrientationLandscapeLeft UIInterfaceOrientationLandscapeRight";
				INFOPLIST_KEY_UISupportedInterfaceOrientations_iPhone = "UIInterfaceOrientationPortrait UIInterfaceOrientationLandscapeLeft UIInterfaceOrientationLandscapeRight";
				IPHONEOS_DEPLOYMENT_TARGET = 18.5;
				LD_RUNPATH_SEARCH_PATHS = "@executable_path/Frameworks";
				"LD_RUNPATH_SEARCH_PATHS[sdk=macosx*]" = "@executable_path/../Frameworks";
				MACOSX_DEPLOYMENT_TARGET = 14.0;
				MARKETING_VERSION = 1.0;
				PRODUCT_BUNDLE_IDENTIFIER = com.mattjproductions.PixarCarsChecklist;
				PRODUCT_NAME = "$(TARGET_NAME)";
				PROVISIONING_PROFILE_SPECIFIER = "";
				REGISTER_APP_GROUPS = YES;
				SDKROOT = iphoneos;
				SUPPORTED_PLATFORMS = "iphoneos iphonesimulator";
				SUPPORTS_MACCATALYST = NO;
				SUPPORTS_MAC_DESIGNED_FOR_IPHONE_IPAD = YES;
				SUPPORTS_XR_DESIGNED_FOR_IPHONE_IPAD = NO;
				SWIFT_EMIT_LOC_STRINGS = YES;
				SWIFT_VERSION = 5.0;
				TARGETED_DEVICE_FAMILY = "1,2";
				XROS_DEPLOYMENT_TARGET = 2.5;
			};
			name = Release;
		};
		3449DBBF2E380E2500E44C13 /* Debug */ = {
			isa = XCBuildConfiguration;
			buildSettings = {
				BUNDLE_LOADER = "$(TEST_HOST)";
				CODE_SIGN_STYLE = Automatic;
				CURRENT_PROJECT_VERSION = 1;
				DEVELOPMENT_TEAM = P63D2VA38R;
				GENERATE_INFOPLIST_FILE = YES;
				IPHONEOS_DEPLOYMENT_TARGET = 18.5;
				MACOSX_DEPLOYMENT_TARGET = 15.3;
				MARKETING_VERSION = 1.0;
				PRODUCT_BUNDLE_IDENTIFIER = com.mattjproductions.PixarCarsChecklistTests;
				PRODUCT_NAME = "$(TARGET_NAME)";
				SDKROOT = auto;
				SUPPORTED_PLATFORMS = "iphoneos iphonesimulator macosx xros xrsimulator";
				SWIFT_EMIT_LOC_STRINGS = NO;
				SWIFT_VERSION = 5.0;
				TARGETED_DEVICE_FAMILY = "1,2,7";
				TEST_HOST = "$(BUILT_PRODUCTS_DIR)/PixarCarsChecklist.app/$(BUNDLE_EXECUTABLE_FOLDER_PATH)/PixarCarsChecklist";
				XROS_DEPLOYMENT_TARGET = 2.5;
			};
			name = Debug;
		};
		3449DBC02E380E2500E44C13 /* Release */ = {
			isa = XCBuildConfiguration;
			buildSettings = {
				BUNDLE_LOADER = "$(TEST_HOST)";
				CODE_SIGN_STYLE = Automatic;
				CURRENT_PROJECT_VERSION = 1;
				DEVELOPMENT_TEAM = P63D2VA38R;
				GENERATE_INFOPLIST_FILE = YES;
				IPHONEOS_DEPLOYMENT_TARGET = 18.5;
				MACOSX_DEPLOYMENT_TARGET = 15.3;
				MARKETING_VERSION = 1.0;
				PRODUCT_BUNDLE_IDENTIFIER = com.mattjproductions.PixarCarsChecklistTests;
				PRODUCT_NAME = "$(TARGET_NAME)";
				SDKROOT = auto;
				SUPPORTED_PLATFORMS = "iphoneos iphonesimulator macosx xros xrsimulator";
				SWIFT_EMIT_LOC_STRINGS = NO;
				SWIFT_VERSION = 5.0;
				TARGETED_DEVICE_FAMILY = "1,2,7";
				TEST_HOST = "$(BUILT_PRODUCTS_DIR)/PixarCarsChecklist.app/$(BUNDLE_EXECUTABLE_FOLDER_PATH)/PixarCarsChecklist";
				XROS_DEPLOYMENT_TARGET = 2.5;
			};
			name = Release;
		};
		3449DBC22E380E2500E44C13 /* Debug */ = {
			isa = XCBuildConfiguration;
			buildSettings = {
				CODE_SIGN_STYLE = Automatic;
				CURRENT_PROJECT_VERSION = 1;
				DEVELOPMENT_TEAM = P63D2VA38R;
				GENERATE_INFOPLIST_FILE = YES;
				IPHONEOS_DEPLOYMENT_TARGET = 18.5;
				MACOSX_DEPLOYMENT_TARGET = 15.3;
				MARKETING_VERSION = 1.0;
				PRODUCT_BUNDLE_IDENTIFIER = com.mattjproductions.PixarCarsChecklistUITests;
				PRODUCT_NAME = "$(TARGET_NAME)";
				SDKROOT = auto;
				SUPPORTED_PLATFORMS = "iphoneos iphonesimulator macosx xros xrsimulator";
				SWIFT_EMIT_LOC_STRINGS = NO;
				SWIFT_VERSION = 5.0;
				TARGETED_DEVICE_FAMILY = "1,2,7";
				TEST_TARGET_NAME = PixarCarsChecklist;
				XROS_DEPLOYMENT_TARGET = 2.5;
			};
			name = Debug;
		};
		3449DBC32E380E2500E44C13 /* Release */ = {
			isa = XCBuildConfiguration;
			buildSettings = {
				CODE_SIGN_STYLE = Automatic;
				CURRENT_PROJECT_VERSION = 1;
				DEVELOPMENT_TEAM = P63D2VA38R;
				GENERATE_INFOPLIST_FILE = YES;
				IPHONEOS_DEPLOYMENT_TARGET = 18.5;
				MACOSX_DEPLOYMENT_TARGET = 15.3;
				MARKETING_VERSION = 1.0;
				PRODUCT_BUNDLE_IDENTIFIER = com.mattjproductions.PixarCarsChecklistUITests;
				PRODUCT_NAME = "$(TARGET_NAME)";
				SDKROOT = auto;
				SUPPORTED_PLATFORMS = "iphoneos iphonesimulator macosx xros xrsimulator";
				SWIFT_EMIT_LOC_STRINGS = NO;
				SWIFT_VERSION = 5.0;
				TARGETED_DEVICE_FAMILY = "1,2,7";
				TEST_TARGET_NAME = PixarCarsChecklist;
				XROS_DEPLOYMENT_TARGET = 2.5;
			};
			name = Release;
		};
/* End XCBuildConfiguration section */

/* Begin XCConfigurationList section */
		3449DB922E380E1F00E44C13 /* Build configuration list for PBXProject "PixarCarsChecklist" */ = {
			isa = XCConfigurationList;
			buildConfigurations = (
				3449DBB92E380E2500E44C13 /* Debug */,
				3449DBBA2E380E2500E44C13 /* Release */,
			);
			defaultConfigurationIsVisible = 0;
			defaultConfigurationName = Release;
		};
		3449DBBB2E380E2500E44C13 /* Build configuration list for PBXNativeTarget "PixarCarsChecklist" */ = {
			isa = XCConfigurationList;
			buildConfigurations = (
				3449DBBC2E380E2500E44C13 /* Debug */,
				3449DBBD2E380E2500E44C13 /* Release */,
			);
			defaultConfigurationIsVisible = 0;
			defaultConfigurationName = Release;
		};
		3449DBBE2E380E2500E44C13 /* Build configuration list for PBXNativeTarget "PixarCarsChecklistTests" */ = {
			isa = XCConfigurationList;
			buildConfigurations = (
				3449DBBF2E380E2500E44C13 /* Debug */,
				3449DBC02E380E2500E44C13 /* Release */,
			);
			defaultConfigurationIsVisible = 0;
			defaultConfigurationName = Release;
		};
		3449DBC12E380E2500E44C13 /* Build configuration list for PBXNativeTarget "PixarCarsChecklistUITests" */ = {
			isa = XCConfigurationList;
			buildConfigurations = (
				3449DBC22E380E2500E44C13 /* Debug */,
				3449DBC32E380E2500E44C13 /* Release */,
			);
			defaultConfigurationIsVisible = 0;
			defaultConfigurationName = Release;
		};
/* End XCConfigurationList section */

/* Begin XCRemoteSwiftPackageReference section */
		340E69CB2E4C914E0054C98B /* XCRemoteSwiftPackageReference "SDWebImageSwiftUI" */ = {
			isa = XCRemoteSwiftPackageReference;
			repositoryURL = "https://github.com/SDWebImage/SDWebImageSwiftUI.git";
			requirement = {
				kind = upToNextMajorVersion;
				minimumVersion = 3.1.3;
			};
		};
		340E69D22E4CCB880054C98B /* XCRemoteSwiftPackageReference "Zip" */ = {
			isa = XCRemoteSwiftPackageReference;
			repositoryURL = "https://github.com/marmelroy/Zip.git";
			requirement = {
				kind = upToNextMajorVersion;
				minimumVersion = 2.1.2;
			};
		};
/* End XCRemoteSwiftPackageReference section */

/* Begin XCSwiftPackageProductDependency section */
		340E69CC2E4C914E0054C98B /* SDWebImageSwiftUI */ = {
			isa = XCSwiftPackageProductDependency;
			package = 340E69CB2E4C914E0054C98B /* XCRemoteSwiftPackageReference "SDWebImageSwiftUI" */;
			productName = SDWebImageSwiftUI;
		};
		340E69D32E4CCB880054C98B /* Zip */ = {
			isa = XCSwiftPackageProductDependency;
			package = 340E69D22E4CCB880054C98B /* XCRemoteSwiftPackageReference "Zip" */;
			productName = Zip;
		};
/* End XCSwiftPackageProductDependency section */
	};
	rootObject = 3449DB8F2E380E1F00E44C13 /* Project object */;
}
